
Microsoft Visual Studio Solution File, Format Version 12.00
# Visual Studio Version 17
VisualStudioVersion = 17.1.32328.378
MinimumVisualStudioVersion = 10.0.40219.1
Project("{888888A0-9F3D-457C-B088-3A5042F75D52}") = "PythonCodeWars", "PythonCodeWars.pyproj", "{443ECB95-9D22-4482-9CB5-31D9AC8422FF}"
EndProject
Global
	GlobalSection(SolutionConfigurationPlatforms) = preSolution
		Debug|Any CPU = Debug|Any CPU
		Release|Any CPU = Release|Any CPU
	EndGlobalSection
	GlobalSection(ProjectConfigurationPlatforms) = postSolution
		{443ECB95-9D22-4482-9CB5-31D9AC8422FF}.Debug|Any CPU.ActiveCfg = Debug|Any CPU
		{443ECB95-9D22-4482-9CB5-31D9AC8422FF}.Release|Any CPU.ActiveCfg = Release|Any CPU
	EndGlobalSection
	GlobalSection(SolutionProperties) = preSolution
		HideSolutionNode = FALSE
	EndGlobalSection
	GlobalSection(ExtensibilityGlobals) = postSolution
		SolutionGuid = {19F1302F-2730-40A3-87D1-23BBC3CCE45B}
	EndGlobalSection
EndGlobal
